
Microsoft Visual Studio Solution File, Format Version 12.00
# Visual Studio Version 17
VisualStudioVersion = 17.12.35728.132
MinimumVisualStudioVersion = 10.0.40219.1
Project("{FAE04EC0-301F-11D3-BF4B-00C04F79EFBC}") = "APIUsuarios", "APIUsuarios.csproj", "{ADC388AB-857C-4829-ACF8-0D50E71E6EA2}"
EndProject
Project("{FAE04EC0-301F-11D3-BF4B-00C04F79EFBC}") = "APIUsuarioTeste", "..\APIUsuarioTeste\APIUsuarioTeste.csproj", "{CA0ED6B5-53FC-489D-A12C-103EA73EAFC2}"
EndProject
Global
	GlobalSection(SolutionConfigurationPlatforms) = preSolution
		Debug|Any CPU = Debug|Any CPU
		Release|Any CPU = Release|Any CPU
	EndGlobalSection
	GlobalSection(ProjectConfigurationPlatforms) = postSolution
		{ADC388AB-857C-4829-ACF8-0D50E71E6EA2}.Debug|Any CPU.ActiveCfg = Debug|Any CPU
		{ADC388AB-857C-4829-ACF8-0D50E71E6EA2}.Debug|Any CPU.Build.0 = Debug|Any CPU
		{ADC388AB-857C-4829-ACF8-0D50E71E6EA2}.Release|Any CPU.ActiveCfg = Release|Any CPU
		{ADC388AB-857C-4829-ACF8-0D50E71E6EA2}.Release|Any CPU.Build.0 = Release|Any CPU
		{CA0ED6B5-53FC-489D-A12C-103EA73EAFC2}.Debug|Any CPU.ActiveCfg = Debug|Any CPU
		{CA0ED6B5-53FC-489D-A12C-103EA73EAFC2}.Debug|Any CPU.Build.0 = Debug|Any CPU
		{CA0ED6B5-53FC-489D-A12C-103EA73EAFC2}.Release|Any CPU.ActiveCfg = Release|Any CPU
		{CA0ED6B5-53FC-489D-A12C-103EA73EAFC2}.Release|Any CPU.Build.0 = Release|Any CPU
	EndGlobalSection
	GlobalSection(SolutionProperties) = preSolution
		HideSolutionNode = FALSE
	EndGlobalSection
EndGlobal
